Microsoft Visual Studio Solution File, Format Version 12.00
# Visual Studio 2012
Project("{FAE04EC0-301F-11D3-BF4B-00C04F79EFBC}") = "Fulfillment-frenzy", "Fulfillment-frenzy.csproj", "{F7F34507-DD47-494B-BD9E-1B8134931178}"
EndProject
Global
	GlobalSection(SolutionConfigurationPlatforms) = preSolution
	Debug|Any CPU = Debug|Any CPU
	ExportDebug|Any CPU = ExportDebug|Any CPU
	ExportRelease|Any CPU = ExportRelease|Any CPU
	EndGlobalSection
	GlobalSection(ProjectConfigurationPlatforms) = postSolution
		{F7F34507-DD47-494B-BD9E-1B8134931178}.Debug|Any CPU.ActiveCfg = Debug|Any CPU
		{F7F34507-DD47-494B-BD9E-1B8134931178}.Debug|Any CPU.Build.0 = Debug|Any CPU
		{F7F34507-DD47-494B-BD9E-1B8134931178}.ExportDebug|Any CPU.ActiveCfg = ExportDebug|Any CPU
		{F7F34507-DD47-494B-BD9E-1B8134931178}.ExportDebug|Any CPU.Build.0 = ExportDebug|Any CPU
		{F7F34507-DD47-494B-BD9E-1B8134931178}.ExportRelease|Any CPU.ActiveCfg = ExportRelease|Any CPU
		{F7F34507-DD47-494B-BD9E-1B8134931178}.ExportRelease|Any CPU.Build.0 = ExportRelease|Any CPU
	EndGlobalSection
EndGlobal
